
Microsoft Visual Studio Solution File, Format Version 12.00
# Visual Studio 15
VisualStudioVersion = 15.0.28307.572
MinimumVisualStudioVersion = 10.0.40219.1
Project("{FAE04EC0-301F-11D3-BF4B-00C04F79EFBC}") = "FindNextBiggerNumber", "FindNextBiggerNumber\FindNextBiggerNumber.csproj", "{7C9BB725-0490-42A0-B148-70D442BBCADC}"
EndProject
Project("{9A19103F-16F7-4668-BE54-9A1E7A4F7556}") = "FindNextBiggerNumberTest", "FindNextBiggerNumberTest\FindNextBiggerNumberTest.csproj", "{CD9EF316-8A5A-48F8-B650-65CE2175EE4E}"
EndProject
Project("{FAE04EC0-301F-11D3-BF4B-00C04F79EFBC}") = "NUnitTestFindNextBiggerNumber", "ClassLibrary1\NUnitTestFindNextBiggerNumber.csproj", "{496A181F-EC3B-449A-AF57-44A227DF8067}"
EndProject
Global
	GlobalSection(SolutionConfigurationPlatforms) = preSolution
		Debug|Any CPU = Debug|Any CPU
		Release|Any CPU = Release|Any CPU
	EndGlobalSection
	GlobalSection(ProjectConfigurationPlatforms) = postSolution
		{7C9BB725-0490-42A0-B148-70D442BBCADC}.Debug|Any CPU.ActiveCfg = Debug|Any CPU
		{7C9BB725-0490-42A0-B148-70D442BBCADC}.Debug|Any CPU.Build.0 = Debug|Any CPU
		{7C9BB725-0490-42A0-B148-70D442BBCADC}.Release|Any CPU.ActiveCfg = Release|Any CPU
		{7C9BB725-0490-42A0-B148-70D442BBCADC}.Release|Any CPU.Build.0 = Release|Any CPU
		{CD9EF316-8A5A-48F8-B650-65CE2175EE4E}.Debug|Any CPU.ActiveCfg = Debug|Any CPU
		{CD9EF316-8A5A-48F8-B650-65CE2175EE4E}.Debug|Any CPU.Build.0 = Debug|Any CPU
		{CD9EF316-8A5A-48F8-B650-65CE2175EE4E}.Release|Any CPU.ActiveCfg = Release|Any CPU
		{CD9EF316-8A5A-48F8-B650-65CE2175EE4E}.Release|Any CPU.Build.0 = Release|Any CPU
		{496A181F-EC3B-449A-AF57-44A227DF8067}.Debug|Any CPU.ActiveCfg = Debug|Any CPU
		{496A181F-EC3B-449A-AF57-44A227DF8067}.Debug|Any CPU.Build.0 = Debug|Any CPU
		{496A181F-EC3B-449A-AF57-44A227DF8067}.Release|Any CPU.ActiveCfg = Release|Any CPU
		{496A181F-EC3B-449A-AF57-44A227DF8067}.Release|Any CPU.Build.0 = Release|Any CPU
	EndGlobalSection
	GlobalSection(SolutionProperties) = preSolution
		HideSolutionNode = FALSE
	EndGlobalSection
	GlobalSection(ExtensibilityGlobals) = postSolution
		SolutionGuid = {F7C7E98D-02FF-4243-82D2-0A181D2FBC5C}
	EndGlobalSection
EndGlobal
