
Microsoft Visual Studio Solution File, Format Version 12.00
# Visual Studio 15
VisualStudioVersion = 15.0.28307.572
MinimumVisualStudioVersion = 10.0.40219.1
Project("{FAE04EC0-301F-11D3-BF4B-00C04F79EFBC}") = "Сoncatenation", "Сoncatenation\Сoncatenation.csproj", "{768D600F-015D-482D-9412-FEE41147A7E1}"
EndProject
Project("{FAE04EC0-301F-11D3-BF4B-00C04F79EFBC}") = "UnitTestProject1", "UnitTestProject1\UnitTestProject1.csproj", "{E66D585D-C11D-465D-8A21-D94C9E9577C3}"
EndProject
Global
	GlobalSection(SolutionConfigurationPlatforms) = preSolution
		Debug|Any CPU = Debug|Any CPU
		Release|Any CPU = Release|Any CPU
	EndGlobalSection
	GlobalSection(ProjectConfigurationPlatforms) = postSolution
		{768D600F-015D-482D-9412-FEE41147A7E1}.Debug|Any CPU.ActiveCfg = Debug|Any CPU
		{768D600F-015D-482D-9412-FEE41147A7E1}.Debug|Any CPU.Build.0 = Debug|Any CPU
		{768D600F-015D-482D-9412-FEE41147A7E1}.Release|Any CPU.ActiveCfg = Release|Any CPU
		{768D600F-015D-482D-9412-FEE41147A7E1}.Release|Any CPU.Build.0 = Release|Any CPU
		{E66D585D-C11D-465D-8A21-D94C9E9577C3}.Debug|Any CPU.ActiveCfg = Debug|Any CPU
		{E66D585D-C11D-465D-8A21-D94C9E9577C3}.Debug|Any CPU.Build.0 = Debug|Any CPU
		{E66D585D-C11D-465D-8A21-D94C9E9577C3}.Release|Any CPU.ActiveCfg = Release|Any CPU
		{E66D585D-C11D-465D-8A21-D94C9E9577C3}.Release|Any CPU.Build.0 = Release|Any CPU
	EndGlobalSection
	GlobalSection(SolutionProperties) = preSolution
		HideSolutionNode = FALSE
	EndGlobalSection
	GlobalSection(ExtensibilityGlobals) = postSolution
		SolutionGuid = {9B9E1F9F-F1F3-4009-BA44-B1000DBB4145}
	EndGlobalSection
EndGlobal
